
Microsoft Visual Studio Solution File, Format Version 12.00
# Visual Studio 2013
VisualStudioVersion = 12.0.31101.0
MinimumVisualStudioVersion = 10.0.40219.1
Project("{FAE04EC0-301F-11D3-BF4B-00C04F79EFBC}") = "RoboSim", "RoboSim\RoboSim.csproj", "{EE16CB9C-9887-4000-89A4-F042918448A5}"
EndProject
Project("{FAE04EC0-301F-11D3-BF4B-00C04F79EFBC}") = "RoboSimLib", "RoboSimLib\RoboSimLib.csproj", "{C8640D53-5797-4101-B3DF-936F410B675D}"
EndProject
Project("{FAE04EC0-301F-11D3-BF4B-00C04F79EFBC}") = "RoboSimTest", "RoboSimTest\RoboSimTest.csproj", "{28F2E558-D6A9-46A6-B212-6867AE3BD238}"
EndProject
Global
	GlobalSection(SolutionConfigurationPlatforms) = preSolution
		Debug|Any CPU = Debug|Any CPU
		Release|Any CPU = Release|Any CPU
	EndGlobalSection
	GlobalSection(ProjectConfigurationPlatforms) = postSolution
		{EE16CB9C-9887-4000-89A4-F042918448A5}.Debug|Any CPU.ActiveCfg = Debug|Any CPU
		{EE16CB9C-9887-4000-89A4-F042918448A5}.Debug|Any CPU.Build.0 = Debug|Any CPU
		{EE16CB9C-9887-4000-89A4-F042918448A5}.Release|Any CPU.ActiveCfg = Release|Any CPU
		{EE16CB9C-9887-4000-89A4-F042918448A5}.Release|Any CPU.Build.0 = Release|Any CPU
		{C8640D53-5797-4101-B3DF-936F410B675D}.Debug|Any CPU.ActiveCfg = Debug|Any CPU
		{C8640D53-5797-4101-B3DF-936F410B675D}.Debug|Any CPU.Build.0 = Debug|Any CPU
		{C8640D53-5797-4101-B3DF-936F410B675D}.Release|Any CPU.ActiveCfg = Release|Any CPU
		{C8640D53-5797-4101-B3DF-936F410B675D}.Release|Any CPU.Build.0 = Release|Any CPU
		{28F2E558-D6A9-46A6-B212-6867AE3BD238}.Debug|Any CPU.ActiveCfg = Debug|Any CPU
		{28F2E558-D6A9-46A6-B212-6867AE3BD238}.Debug|Any CPU.Build.0 = Debug|Any CPU
		{28F2E558-D6A9-46A6-B212-6867AE3BD238}.Release|Any CPU.ActiveCfg = Release|Any CPU
		{28F2E558-D6A9-46A6-B212-6867AE3BD238}.Release|Any CPU.Build.0 = Release|Any CPU
	EndGlobalSection
	GlobalSection(SolutionProperties) = preSolution
		HideSolutionNode = FALSE
	EndGlobalSection
EndGlobal
